
Microsoft Visual Studio Solution File, Format Version 12.00
# Visual Studio Version 16
VisualStudioVersion = 16.0.31424.327
MinimumVisualStudioVersion = 10.0.40219.1
Project("{FAE04EC0-301F-11D3-BF4B-00C04F79EFBC}") = "Coursework", "Coursework\Coursework.csproj", "{108B7222-BC25-482C-95C1-4F9AF612A3F3}"
EndProject
Global
	GlobalSection(SolutionConfigurationPlatforms) = preSolution
		Debug|Any CPU = Debug|Any CPU
		Release|Any CPU = Release|Any CPU
	EndGlobalSection
	GlobalSection(ProjectConfigurationPlatforms) = postSolution
		{108B7222-BC25-482C-95C1-4F9AF612A3F3}.Debug|Any CPU.ActiveCfg = Debug|Any CPU
		{108B7222-BC25-482C-95C1-4F9AF612A3F3}.Debug|Any CPU.Build.0 = Debug|Any CPU
		{108B7222-BC25-482C-95C1-4F9AF612A3F3}.Release|Any CPU.ActiveCfg = Release|Any CPU
		{108B7222-BC25-482C-95C1-4F9AF612A3F3}.Release|Any CPU.Build.0 = Release|Any CPU
	EndGlobalSection
	GlobalSection(SolutionProperties) = preSolution
		HideSolutionNode = FALSE
	EndGlobalSection
	GlobalSection(ExtensibilityGlobals) = postSolution
		SolutionGuid = {CD878D4F-F398-4C0D-BF71-4147B3BB8A9F}
	EndGlobalSection
EndGlobal
